
Microsoft Visual Studio Solution File, Format Version 12.00
# Visual Studio 15
VisualStudioVersion = 15.0.26730.15
MinimumVisualStudioVersion = 10.0.40219.1
Project("{FAE04EC0-301F-11D3-BF4B-00C04F79EFBC}") = "HelloWorld", "HelloWorld\HelloWorld.csproj", "{9DB01291-A697-4AF7-85DB-C125591788A8}"
EndProject
Project("{FAE04EC0-301F-11D3-BF4B-00C04F79EFBC}") = "ForLoop", "ForLoop\ForLoop.csproj", "{AA670808-8E0A-4561-9127-F05DF76FDCCD}"
EndProject
Project("{9A19103F-16F7-4668-BE54-9A1E7A4F7556}") = "MathLib", "MathLib\MathLib.csproj", "{26FCE094-9E7A-4852-A957-503DBE9BC55D}"
EndProject
Project("{FAE04EC0-301F-11D3-BF4B-00C04F79EFBC}") = "TestMathLib", "TestMathLib\TestMathLib.csproj", "{C68D1481-64E7-4D53-BC78-47E75424C645}"
EndProject
Project("{FAE04EC0-301F-11D3-BF4B-00C04F79EFBC}") = "Polymorphism", "Polymorphism\Polymorphism.csproj", "{40EAD85E-6D66-4D8F-841A-F633A46DB9C1}"
EndProject
Project("{FAE04EC0-301F-11D3-BF4B-00C04F79EFBC}") = "Interface", "Interface\Interface.csproj", "{2705632B-6F5A-49DC-BA0F-FED6B19F1159}"
EndProject
Project("{FAE04EC0-301F-11D3-BF4B-00C04F79EFBC}") = "HouseBusTaxes", "HouseBusTaxes\HouseBusTaxes.csproj", "{AE0713DB-3687-49D6-8AEB-12DE5B8F25E5}"
EndProject
Global
	GlobalSection(SolutionConfigurationPlatforms) = preSolution
		Debug|Any CPU = Debug|Any CPU
		Release|Any CPU = Release|Any CPU
	EndGlobalSection
	GlobalSection(ProjectConfigurationPlatforms) = postSolution
		{9DB01291-A697-4AF7-85DB-C125591788A8}.Debug|Any CPU.ActiveCfg = Debug|Any CPU
		{9DB01291-A697-4AF7-85DB-C125591788A8}.Debug|Any CPU.Build.0 = Debug|Any CPU
		{9DB01291-A697-4AF7-85DB-C125591788A8}.Release|Any CPU.ActiveCfg = Release|Any CPU
		{9DB01291-A697-4AF7-85DB-C125591788A8}.Release|Any CPU.Build.0 = Release|Any CPU
		{AA670808-8E0A-4561-9127-F05DF76FDCCD}.Debug|Any CPU.ActiveCfg = Debug|Any CPU
		{AA670808-8E0A-4561-9127-F05DF76FDCCD}.Debug|Any CPU.Build.0 = Debug|Any CPU
		{AA670808-8E0A-4561-9127-F05DF76FDCCD}.Release|Any CPU.ActiveCfg = Release|Any CPU
		{AA670808-8E0A-4561-9127-F05DF76FDCCD}.Release|Any CPU.Build.0 = Release|Any CPU
		{26FCE094-9E7A-4852-A957-503DBE9BC55D}.Debug|Any CPU.ActiveCfg = Debug|Any CPU
		{26FCE094-9E7A-4852-A957-503DBE9BC55D}.Debug|Any CPU.Build.0 = Debug|Any CPU
		{26FCE094-9E7A-4852-A957-503DBE9BC55D}.Release|Any CPU.ActiveCfg = Release|Any CPU
		{26FCE094-9E7A-4852-A957-503DBE9BC55D}.Release|Any CPU.Build.0 = Release|Any CPU
		{C68D1481-64E7-4D53-BC78-47E75424C645}.Debug|Any CPU.ActiveCfg = Debug|Any CPU
		{C68D1481-64E7-4D53-BC78-47E75424C645}.Debug|Any CPU.Build.0 = Debug|Any CPU
		{C68D1481-64E7-4D53-BC78-47E75424C645}.Release|Any CPU.ActiveCfg = Release|Any CPU
		{C68D1481-64E7-4D53-BC78-47E75424C645}.Release|Any CPU.Build.0 = Release|Any CPU
		{40EAD85E-6D66-4D8F-841A-F633A46DB9C1}.Debug|Any CPU.ActiveCfg = Debug|Any CPU
		{40EAD85E-6D66-4D8F-841A-F633A46DB9C1}.Debug|Any CPU.Build.0 = Debug|Any CPU
		{40EAD85E-6D66-4D8F-841A-F633A46DB9C1}.Release|Any CPU.ActiveCfg = Release|Any CPU
		{40EAD85E-6D66-4D8F-841A-F633A46DB9C1}.Release|Any CPU.Build.0 = Release|Any CPU
		{2705632B-6F5A-49DC-BA0F-FED6B19F1159}.Debug|Any CPU.ActiveCfg = Debug|Any CPU
		{2705632B-6F5A-49DC-BA0F-FED6B19F1159}.Debug|Any CPU.Build.0 = Debug|Any CPU
		{2705632B-6F5A-49DC-BA0F-FED6B19F1159}.Release|Any CPU.ActiveCfg = Release|Any CPU
		{2705632B-6F5A-49DC-BA0F-FED6B19F1159}.Release|Any CPU.Build.0 = Release|Any CPU
		{AE0713DB-3687-49D6-8AEB-12DE5B8F25E5}.Debug|Any CPU.ActiveCfg = Debug|Any CPU
		{AE0713DB-3687-49D6-8AEB-12DE5B8F25E5}.Debug|Any CPU.Build.0 = Debug|Any CPU
		{AE0713DB-3687-49D6-8AEB-12DE5B8F25E5}.Release|Any CPU.ActiveCfg = Release|Any CPU
		{AE0713DB-3687-49D6-8AEB-12DE5B8F25E5}.Release|Any CPU.Build.0 = Release|Any CPU
	EndGlobalSection
	GlobalSection(SolutionProperties) = preSolution
		HideSolutionNode = FALSE
	EndGlobalSection
	GlobalSection(ExtensibilityGlobals) = postSolution
		SolutionGuid = {D1A1253B-3CC3-4063-9405-257CC4EB7739}
	EndGlobalSection
EndGlobal
